PODS:
  - flutter_mimc (2.0.0-dev.1):
    - FlutterMacOS
  - FlutterMacOS (1.0.0)

DEPENDENCIES:
  - flutter_mimc (from `Flutter/ephemeral/.symlinks/plugins/flutter_mimc/macos`)
  - FlutterMacOS (from `Flutter/ephemeral`)

EXTERNAL SOURCES:
  flutter_mimc:
    :path: Flutter/ephemeral/.symlinks/plugins/flutter_mimc/macos
  FlutterMacOS:
    :path: Flutter/ephemeral

SPEC CHECKSUMS:
  flutter_mimc: 7d57f2c21ca9fc6703ff2e9eaa70c082085ba019
  FlutterMacOS: d0db08ddef1a9af05a5ec4b724367152bb0500b1

PODFILE CHECKSUM: 54d867c82ac51cbd61b565781b9fada492027009

COCOAPODS: 1.16.2
